
Microsoft Visual Studio Solution File, Format Version 12.00
# Visual Studio Version 16
VisualStudioVersion = 16.0.29905.134
MinimumVisualStudioVersion = 10.0.40219.1
Project("{FAE04EC0-301F-11D3-BF4B-00C04F79EFBC}") = "PackageParser", "PackageParser\PackageParser.csproj", "{0AD92483-5A4E-46CF-BB5E-608CF5B7567B}"
EndProject
Global
	GlobalSection(SolutionConfigurationPlatforms) = preSolution
		Debug|Any CPU = Debug|Any CPU
		Release|Any CPU = Release|Any CPU
	EndGlobalSection
	GlobalSection(ProjectConfigurationPlatforms) = postSolution
		{0AD92483-5A4E-46CF-BB5E-608CF5B7567B}.Debug|Any CPU.ActiveCfg = Debug|Any CPU
		{0AD92483-5A4E-46CF-BB5E-608CF5B7567B}.Debug|Any CPU.Build.0 = Debug|Any CPU
		{0AD92483-5A4E-46CF-BB5E-608CF5B7567B}.Release|Any CPU.ActiveCfg = Release|Any CPU
		{0AD92483-5A4E-46CF-BB5E-608CF5B7567B}.Release|Any CPU.Build.0 = Release|Any CPU
	EndGlobalSection
	GlobalSection(SolutionProperties) = preSolution
		HideSolutionNode = FALSE
	EndGlobalSection
	GlobalSection(ExtensibilityGlobals) = postSolution
		SolutionGuid = {38EECFED-94C6-46A6-96B7-BF772B6623E5}
	EndGlobalSection
EndGlobal
